
Microsoft Visual Studio Solution File, Format Version 12.00
# Visual Studio Version 17
VisualStudioVersion = 17.6.33829.357
MinimumVisualStudioVersion = 10.0.40219.1
Project("{9A19103F-16F7-4668-BE54-9A1E7A4F7556}") = "Mapa_2ITB", "Mapa_2ITB\Mapa_2ITB.csproj", "{71186D0F-4305-469D-9017-ACB93D1DEC51}"
EndProject
Global
	GlobalSection(SolutionConfigurationPlatforms) = preSolution
		Debug|Any CPU = Debug|Any CPU
		Release|Any CPU = Release|Any CPU
	EndGlobalSection
	GlobalSection(ProjectConfigurationPlatforms) = postSolution
		{71186D0F-4305-469D-9017-ACB93D1DEC51}.Debug|Any CPU.ActiveCfg = Debug|Any CPU
		{71186D0F-4305-469D-9017-ACB93D1DEC51}.Debug|Any CPU.Build.0 = Debug|Any CPU
		{71186D0F-4305-469D-9017-ACB93D1DEC51}.Release|Any CPU.ActiveCfg = Release|Any CPU
		{71186D0F-4305-469D-9017-ACB93D1DEC51}.Release|Any CPU.Build.0 = Release|Any CPU
	EndGlobalSection
	GlobalSection(SolutionProperties) = preSolution
		HideSolutionNode = FALSE
	EndGlobalSection
	GlobalSection(ExtensibilityGlobals) = postSolution
		SolutionGuid = {D3C465C0-6FC4-480D-9389-A8C5FEF949B4}
	EndGlobalSection
EndGlobal
